
Microsoft Visual Studio Solution File, Format Version 12.00
# Visual Studio Version 16
VisualStudioVersion = 16.0.31613.86
MinimumVisualStudioVersion = 10.0.40219.1
Project("{FAE04EC0-301F-11D3-BF4B-00C04F79EFBC}") = "DotnetRpg", "DotnetRpg.csproj", "{A9B81223-C526-4B5E-B51C-169E60AB7266}"
EndProject
Global
	GlobalSection(SolutionConfigurationPlatforms) = preSolution
		Debug|Any CPU = Debug|Any CPU
		Release|Any CPU = Release|Any CPU
	EndGlobalSection
	GlobalSection(ProjectConfigurationPlatforms) = postSolution
		{A9B81223-C526-4B5E-B51C-169E60AB7266}.Debug|Any CPU.ActiveCfg = Debug|Any CPU
		{A9B81223-C526-4B5E-B51C-169E60AB7266}.Debug|Any CPU.Build.0 = Debug|Any CPU
		{A9B81223-C526-4B5E-B51C-169E60AB7266}.Release|Any CPU.ActiveCfg = Release|Any CPU
		{A9B81223-C526-4B5E-B51C-169E60AB7266}.Release|Any CPU.Build.0 = Release|Any CPU
	EndGlobalSection
	GlobalSection(SolutionProperties) = preSolution
		HideSolutionNode = FALSE
	EndGlobalSection
	GlobalSection(ExtensibilityGlobals) = postSolution
		SolutionGuid = {7DAEDD35-30F5-47C5-B4CD-7EE01D2F3E5B}
	EndGlobalSection
EndGlobal
